
Microsoft Visual Studio Solution File, Format Version 12.00
# Visual Studio Version 17
VisualStudioVersion = 17.14.36429.23
MinimumVisualStudioVersion = 10.0.40219.1
Project("{2150E333-8FDC-42A3-9474-1A3956D46DE8}") = "Task0", "Task0", "{02EA681E-C7D8-13C7-8484-4AC65E1B71E8}"
EndProject
Project("{FAE04EC0-301F-11D3-BF4B-00C04F79EFBC}") = "Tyuiu.SozonovaVA.Sprint1.Task0.V13", "Tyuiu.SozonovaVA.Sprint1.Task0.V13\Tyuiu.SozonovaVA.Sprint1.Task0.V13.csproj", "{AEFCFC44-3FC8-492D-8A92-7C993C476360}"
EndProject
Project("{FAE04EC0-301F-11D3-BF4B-00C04F79EFBC}") = "Tyuiu.SozonovaVA.Sprint1.Task0.V13.Test", "Tyuiu.SozonovaVA.Sprint1.Task0.V13.Test\Tyuiu.SozonovaVA.Sprint1.Task0.V13.Test.csproj", "{E1026E51-4F36-4FB4-90FC-8DBC2CD7C18F}"
EndProject
Project("{FAE04EC0-301F-11D3-BF4B-00C04F79EFBC}") = "Tyuiu.SozonovaVA.Sprint1.Task0.V13.Lib", "Tyuiu.SozonovaVA.Sprint1.Task0.V13.Lib\Tyuiu.SozonovaVA.Sprint1.Task0.V13.Lib.csproj", "{21CA832D-08E9-4591-BDA2-219CE6EE5864}"
EndProject
Project("{2150E333-8FDC-42A3-9474-1A3956D46DE8}") = "Task1", "Task1", "{18191EA3-27C4-4377-A37A-9842BC066554}"
EndProject
Project("{FAE04EC0-301F-11D3-BF4B-00C04F79EFBC}") = "Tyuiu.SozonovaVA.Sprint1.Task1.V1", "Tyuiu.SozonovaVA.Sprint1.Task1.V1\Tyuiu.SozonovaVA.Sprint1.Task1.V1.csproj", "{14F12323-295C-4E15-BA42-6FA31638096C}"
EndProject
Project("{FAE04EC0-301F-11D3-BF4B-00C04F79EFBC}") = "Tyuiu.SozonovaVA.Sprint1.Task1.V1.Lib", "Tyuiu.SozonovaVA.Sprint1.Task1.V1.Lib\Tyuiu.SozonovaVA.Sprint1.Task1.V1.Lib.csproj", "{AF1FC819-0B67-4800-B04A-4B6D2FCEEC1E}"
EndProject
Project("{FAE04EC0-301F-11D3-BF4B-00C04F79EFBC}") = "Tyuiu.SozonovaVA.Sprint1.Task1.V1.Test", "Tyuiu.SozonovaVA.Sprint1.Task1.V1.Test\Tyuiu.SozonovaVA.Sprint1.Task1.V1.Test.csproj", "{661E2E41-8782-4879-A057-82F597757F32}"
EndProject
Project("{2150E333-8FDC-42A3-9474-1A3956D46DE8}") = "Task2", "Task2", "{1F661D98-B4B3-496E-8989-06C1BB8E1829}"
EndProject
Project("{FAE04EC0-301F-11D3-BF4B-00C04F79EFBC}") = "Tyuiu.SozonovaVA.Sprint1.Task2.V1", "Tyuiu.SozonovaVA.Sprint1.Task2.V1\Tyuiu.SozonovaVA.Sprint1.Task2.V1.csproj", "{469DC220-AB03-49F2-90E4-634CAF9F3A6C}"
EndProject
Project("{FAE04EC0-301F-11D3-BF4B-00C04F79EFBC}") = "Tyuiu.SozonovaVA.Sprint1.Task2.V1.Lib", "Tyuiu.SozonovaVA.Sprint1.Task2.V1.Lib\Tyuiu.SozonovaVA.Sprint1.Task2.V1.Lib.csproj", "{1C47F68A-BF27-46F4-A82F-CEDA64F407D1}"
EndProject
Project("{FAE04EC0-301F-11D3-BF4B-00C04F79EFBC}") = "Tyuiu.SozonovaVA.Sprint1.Task2.V1.Test", "Tyuiu.SozonovaVA.Sprint1.Task2.V1.Test\Tyuiu.SozonovaVA.Sprint1.Task2.V1.Test.csproj", "{22B4F74F-034D-4C76-A31B-C6048DAB1B32}"
EndProject
Project("{2150E333-8FDC-42A3-9474-1A3956D46DE8}") = "Task3", "Task3", "{04296194-31A7-4775-B713-D44B90B908B7}"
EndProject
Project("{FAE04EC0-301F-11D3-BF4B-00C04F79EFBC}") = "Tyuiu.SozonovaVA.Sprint1.Task3.V10.Lib", "Tyuiu.SozonovaVA.Sprint1.Task3.V10.Lib\Tyuiu.SozonovaVA.Sprint1.Task3.V10.Lib.csproj", "{F19E4C88-2110-4D4A-8AE3-E34D65E703B6}"
EndProject
Project("{FAE04EC0-301F-11D3-BF4B-00C04F79EFBC}") = "Tyuiu.SozonovaVA.Sprint1.Task3.V10.Test", "Tyuiu.SozonovaVA.Sprint1.Task3.V10.Test\Tyuiu.SozonovaVA.Sprint1.Task3.V10.Test.csproj", "{70B15DFA-3FE6-4771-87FB-97810AF36691}"
EndProject
Project("{FAE04EC0-301F-11D3-BF4B-00C04F79EFBC}") = "Tyuiu.SozonovaVA.Sprint1.Task3.V10", "Tyuiu.SozonovaVA.Sprint1.Task3.V10\Tyuiu.SozonovaVA.Sprint1.Task3.V10.csproj", "{35830434-E693-4E72-A3FE-09B0464EB2BF}"
EndProject
Project("{2150E333-8FDC-42A3-9474-1A3956D46DE8}") = "Task4", "Task4", "{F825607D-2C63-4D25-85A1-5C431B285061}"
EndProject
Project("{FAE04EC0-301F-11D3-BF4B-00C04F79EFBC}") = "Tyuiu.SozonovaVA.Sprint1.Task4.V27", "Tyuiu.SozonovaVA.Sprint1.Task4.V27\Tyuiu.SozonovaVA.Sprint1.Task4.V27.csproj", "{699A9B1C-772D-4058-86D9-D3E715867DEE}"
EndProject
Project("{FAE04EC0-301F-11D3-BF4B-00C04F79EFBC}") = "Tyuiu.SozonovaVA.Sprint1.Task4.V27.Lib", "Tyuiu.SozonovaVA.Sprint1.Task4.V27.Lib\Tyuiu.SozonovaVA.Sprint1.Task4.V27.Lib.csproj", "{728C9B48-D8DF-4C3D-9D63-CB473EBBB057}"
EndProject
Project("{FAE04EC0-301F-11D3-BF4B-00C04F79EFBC}") = "Tyuiu.SozonovaVA.Sprint1.Task4.V27.Test", "Tyuiu.SozonovaVA.Sprint1.Task4.V27.Test\Tyuiu.SozonovaVA.Sprint1.Task4.V27.Test.csproj", "{513669E6-3A1B-4266-BBA0-09C2386103F5}"
EndProject
Project("{2150E333-8FDC-42A3-9474-1A3956D46DE8}") = "Task5", "Task5", "{4311D0AA-2159-4355-9AE0-4D1DAD1426D8}"
EndProject
Project("{FAE04EC0-301F-11D3-BF4B-00C04F79EFBC}") = "Tyuiu.SozonovaVA.Sprint1.Task5.V4", "Tyuiu.SozonovaVA.Sprint1.Task5.V4\Tyuiu.SozonovaVA.Sprint1.Task5.V4.csproj", "{4980F27C-B5E6-418E-860E-110DC5F5D522}"
EndProject
Project("{FAE04EC0-301F-11D3-BF4B-00C04F79EFBC}") = "Tyuiu.SozonovaVA.Sprint1.Task5.V4.Lib", "Tyuiu.SozonovaVA.Sprint1.Task5.V4.Lib\Tyuiu.SozonovaVA.Sprint1.Task5.V4.Lib.csproj", "{1196EC1F-64E5-4518-9D17-730AEDF1C287}"
EndProject
Project("{FAE04EC0-301F-11D3-BF4B-00C04F79EFBC}") = "Tyuiu.SozonovaVA.Sprint1.Task5.V4.Test", "Tyuiu.SozonovaVA.Sprint1.Task5.V4.Test\Tyuiu.SozonovaVA.Sprint1.Task5.V4.Test.csproj", "{24B9F55A-88D0-4A41-83DA-24D1DDA20106}"
EndProject
Project("{2150E333-8FDC-42A3-9474-1A3956D46DE8}") = "Task6", "Task6", "{51DF0610-C392-4489-8073-0942C89E50D3}"
EndProject
Project("{FAE04EC0-301F-11D3-BF4B-00C04F79EFBC}") = "Tyuiu.SozonovaVA.Sprint1.Task6.V3", "Tyuiu.SozonovaVA.Sprint1.Task6.V3\Tyuiu.SozonovaVA.Sprint1.Task6.V3.csproj", "{B1650975-DCE7-42C9-A339-BA9EB94D9EC2}"
EndProject
Project("{FAE04EC0-301F-11D3-BF4B-00C04F79EFBC}") = "Tyuiu.SozonovaVA.Sprint1.Task6.V3.Lib", "Tyuiu.SozonovaVA.Sprint1.Task6.V3.Lib\Tyuiu.SozonovaVA.Sprint1.Task6.V3.Lib.csproj", "{778541D3-BA91-4F1F-8A47-195F5BDA697D}"
EndProject
Project("{FAE04EC0-301F-11D3-BF4B-00C04F79EFBC}") = "Tyuiu.SozonovaVA.Sprint1.Task6.V3.Test", "Tyuiu.SozonovaVA.Sprint1.Task6.V3.Test\Tyuiu.SozonovaVA.Sprint1.Task6.V3.Test.csproj", "{29A320D4-2B1F-49BB-9CF4-D8CEEDBA2F26}"
EndProject
Global
	GlobalSection(SolutionConfigurationPlatforms) = preSolution
		Debug|Any CPU = Debug|Any CPU
		Release|Any CPU = Release|Any CPU
	EndGlobalSection
	GlobalSection(ProjectConfigurationPlatforms) = postSolution
		{AEFCFC44-3FC8-492D-8A92-7C993C476360}.Debug|Any CPU.ActiveCfg = Debug|Any CPU
		{AEFCFC44-3FC8-492D-8A92-7C993C476360}.Debug|Any CPU.Build.0 = Debug|Any CPU
		{AEFCFC44-3FC8-492D-8A92-7C993C476360}.Release|Any CPU.ActiveCfg = Release|Any CPU
		{AEFCFC44-3FC8-492D-8A92-7C993C476360}.Release|Any CPU.Build.0 = Release|Any CPU
		{E1026E51-4F36-4FB4-90FC-8DBC2CD7C18F}.Debug|Any CPU.ActiveCfg = Debug|Any CPU
		{E1026E51-4F36-4FB4-90FC-8DBC2CD7C18F}.Debug|Any CPU.Build.0 = Debug|Any CPU
		{E1026E51-4F36-4FB4-90FC-8DBC2CD7C18F}.Release|Any CPU.ActiveCfg = Release|Any CPU
		{E1026E51-4F36-4FB4-90FC-8DBC2CD7C18F}.Release|Any CPU.Build.0 = Release|Any CPU
		{21CA832D-08E9-4591-BDA2-219CE6EE5864}.Debug|Any CPU.ActiveCfg = Debug|Any CPU
		{21CA832D-08E9-4591-BDA2-219CE6EE5864}.Debug|Any CPU.Build.0 = Debug|Any CPU
		{21CA832D-08E9-4591-BDA2-219CE6EE5864}.Release|Any CPU.ActiveCfg = Release|Any CPU
		{21CA832D-08E9-4591-BDA2-219CE6EE5864}.Release|Any CPU.Build.0 = Release|Any CPU
		{14F12323-295C-4E15-BA42-6FA31638096C}.Debug|Any CPU.ActiveCfg = Debug|Any CPU
		{14F12323-295C-4E15-BA42-6FA31638096C}.Debug|Any CPU.Build.0 = Debug|Any CPU
		{14F12323-295C-4E15-BA42-6FA31638096C}.Release|Any CPU.ActiveCfg = Release|Any CPU
		{14F12323-295C-4E15-BA42-6FA31638096C}.Release|Any CPU.Build.0 = Release|Any CPU
		{AF1FC819-0B67-4800-B04A-4B6D2FCEEC1E}.Debug|Any CPU.ActiveCfg = Debug|Any CPU
		{AF1FC819-0B67-4800-B04A-4B6D2FCEEC1E}.Debug|Any CPU.Build.0 = Debug|Any CPU
		{AF1FC819-0B67-4800-B04A-4B6D2FCEEC1E}.Release|Any CPU.ActiveCfg = Release|Any CPU
		{AF1FC819-0B67-4800-B04A-4B6D2FCEEC1E}.Release|Any CPU.Build.0 = Release|Any CPU
		{661E2E41-8782-4879-A057-82F597757F32}.Debug|Any CPU.ActiveCfg = Debug|Any CPU
		{661E2E41-8782-4879-A057-82F597757F32}.Debug|Any CPU.Build.0 = Debug|Any CPU
		{661E2E41-8782-4879-A057-82F597757F32}.Release|Any CPU.ActiveCfg = Release|Any CPU
		{661E2E41-8782-4879-A057-82F597757F32}.Release|Any CPU.Build.0 = Release|Any CPU
		{469DC220-AB03-49F2-90E4-634CAF9F3A6C}.Debug|Any CPU.ActiveCfg = Debug|Any CPU
		{469DC220-AB03-49F2-90E4-634CAF9F3A6C}.Debug|Any CPU.Build.0 = Debug|Any CPU
		{469DC220-AB03-49F2-90E4-634CAF9F3A6C}.Release|Any CPU.ActiveCfg = Release|Any CPU
		{469DC220-AB03-49F2-90E4-634CAF9F3A6C}.Release|Any CPU.Build.0 = Release|Any CPU
		{1C47F68A-BF27-46F4-A82F-CEDA64F407D1}.Debug|Any CPU.ActiveCfg = Debug|Any CPU
		{1C47F68A-BF27-46F4-A82F-CEDA64F407D1}.Debug|Any CPU.Build.0 = Debug|Any CPU
		{1C47F68A-BF27-46F4-A82F-CEDA64F407D1}.Release|Any CPU.ActiveCfg = Release|Any CPU
		{1C47F68A-BF27-46F4-A82F-CEDA64F407D1}.Release|Any CPU.Build.0 = Release|Any CPU
		{22B4F74F-034D-4C76-A31B-C6048DAB1B32}.Debug|Any CPU.ActiveCfg = Debug|Any CPU
		{22B4F74F-034D-4C76-A31B-C6048DAB1B32}.Debug|Any CPU.Build.0 = Debug|Any CPU
		{22B4F74F-034D-4C76-A31B-C6048DAB1B32}.Release|Any CPU.ActiveCfg = Release|Any CPU
		{22B4F74F-034D-4C76-A31B-C6048DAB1B32}.Release|Any CPU.Build.0 = Release|Any CPU
		{F19E4C88-2110-4D4A-8AE3-E34D65E703B6}.Debug|Any CPU.ActiveCfg = Debug|Any CPU
		{F19E4C88-2110-4D4A-8AE3-E34D65E703B6}.Debug|Any CPU.Build.0 = Debug|Any CPU
		{F19E4C88-2110-4D4A-8AE3-E34D65E703B6}.Release|Any CPU.ActiveCfg = Release|Any CPU
		{F19E4C88-2110-4D4A-8AE3-E34D65E703B6}.Release|Any CPU.Build.0 = Release|Any CPU
		{70B15DFA-3FE6-4771-87FB-97810AF36691}.Debug|Any CPU.ActiveCfg = Debug|Any CPU
		{70B15DFA-3FE6-4771-87FB-97810AF36691}.Debug|Any CPU.Build.0 = Debug|Any CPU
		{70B15DFA-3FE6-4771-87FB-97810AF36691}.Release|Any CPU.ActiveCfg = Release|Any CPU
		{70B15DFA-3FE6-4771-87FB-97810AF36691}.Release|Any CPU.Build.0 = Release|Any CPU
		{35830434-E693-4E72-A3FE-09B0464EB2BF}.Debug|Any CPU.ActiveCfg = Debug|Any CPU
		{35830434-E693-4E72-A3FE-09B0464EB2BF}.Debug|Any CPU.Build.0 = Debug|Any CPU
		{35830434-E693-4E72-A3FE-09B0464EB2BF}.Release|Any CPU.ActiveCfg = Release|Any CPU
		{35830434-E693-4E72-A3FE-09B0464EB2BF}.Release|Any CPU.Build.0 = Release|Any CPU
		{699A9B1C-772D-4058-86D9-D3E715867DEE}.Debug|Any CPU.ActiveCfg = Debug|Any CPU
		{699A9B1C-772D-4058-86D9-D3E715867DEE}.Debug|Any CPU.Build.0 = Debug|Any CPU
		{699A9B1C-772D-4058-86D9-D3E715867DEE}.Release|Any CPU.ActiveCfg = Release|Any CPU
		{699A9B1C-772D-4058-86D9-D3E715867DEE}.Release|Any CPU.Build.0 = Release|Any CPU
		{728C9B48-D8DF-4C3D-9D63-CB473EBBB057}.Debug|Any CPU.ActiveCfg = Debug|Any CPU
		{728C9B48-D8DF-4C3D-9D63-CB473EBBB057}.Debug|Any CPU.Build.0 = Debug|Any CPU
		{728C9B48-D8DF-4C3D-9D63-CB473EBBB057}.Release|Any CPU.ActiveCfg = Release|Any CPU
		{728C9B48-D8DF-4C3D-9D63-CB473EBBB057}.Release|Any CPU.Build.0 = Release|Any CPU
		{513669E6-3A1B-4266-BBA0-09C2386103F5}.Debug|Any CPU.ActiveCfg = Debug|Any CPU
		{513669E6-3A1B-4266-BBA0-09C2386103F5}.Debug|Any CPU.Build.0 = Debug|Any CPU
		{513669E6-3A1B-4266-BBA0-09C2386103F5}.Release|Any CPU.ActiveCfg = Release|Any CPU
		{513669E6-3A1B-4266-BBA0-09C2386103F5}.Release|Any CPU.Build.0 = Release|Any CPU
		{4980F27C-B5E6-418E-860E-110DC5F5D522}.Debug|Any CPU.ActiveCfg = Debug|Any CPU
		{4980F27C-B5E6-418E-860E-110DC5F5D522}.Debug|Any CPU.Build.0 = Debug|Any CPU
		{4980F27C-B5E6-418E-860E-110DC5F5D522}.Release|Any CPU.ActiveCfg = Release|Any CPU
		{4980F27C-B5E6-418E-860E-110DC5F5D522}.Release|Any CPU.Build.0 = Release|Any CPU
		{1196EC1F-64E5-4518-9D17-730AEDF1C287}.Debug|Any CPU.ActiveCfg = Debug|Any CPU
		{1196EC1F-64E5-4518-9D17-730AEDF1C287}.Debug|Any CPU.Build.0 = Debug|Any CPU
		{1196EC1F-64E5-4518-9D17-730AEDF1C287}.Release|Any CPU.ActiveCfg = Release|Any CPU
		{1196EC1F-64E5-4518-9D17-730AEDF1C287}.Release|Any CPU.Build.0 = Release|Any CPU
		{24B9F55A-88D0-4A41-83DA-24D1DDA20106}.Debug|Any CPU.ActiveCfg = Debug|Any CPU
		{24B9F55A-88D0-4A41-83DA-24D1DDA20106}.Debug|Any CPU.Build.0 = Debug|Any CPU
		{24B9F55A-88D0-4A41-83DA-24D1DDA20106}.Release|Any CPU.ActiveCfg = Release|Any CPU
		{24B9F55A-88D0-4A41-83DA-24D1DDA20106}.Release|Any CPU.Build.0 = Release|Any CPU
		{B1650975-DCE7-42C9-A339-BA9EB94D9EC2}.Debug|Any CPU.ActiveCfg = Debug|Any CPU
		{B1650975-DCE7-42C9-A339-BA9EB94D9EC2}.Debug|Any CPU.Build.0 = Debug|Any CPU
		{B1650975-DCE7-42C9-A339-BA9EB94D9EC2}.Release|Any CPU.ActiveCfg = Release|Any CPU
		{B1650975-DCE7-42C9-A339-BA9EB94D9EC2}.Release|Any CPU.Build.0 = Release|Any CPU
		{778541D3-BA91-4F1F-8A47-195F5BDA697D}.Debug|Any CPU.ActiveCfg = Debug|Any CPU
		{778541D3-BA91-4F1F-8A47-195F5BDA697D}.Debug|Any CPU.Build.0 = Debug|Any CPU
		{778541D3-BA91-4F1F-8A47-195F5BDA697D}.Release|Any CPU.ActiveCfg = Release|Any CPU
		{778541D3-BA91-4F1F-8A47-195F5BDA697D}.Release|Any CPU.Build.0 = Release|Any CPU
		{29A320D4-2B1F-49BB-9CF4-D8CEEDBA2F26}.Debug|Any CPU.ActiveCfg = Debug|Any CPU
		{29A320D4-2B1F-49BB-9CF4-D8CEEDBA2F26}.Debug|Any CPU.Build.0 = Debug|Any CPU
		{29A320D4-2B1F-49BB-9CF4-D8CEEDBA2F26}.Release|Any CPU.ActiveCfg = Release|Any CPU
		{29A320D4-2B1F-49BB-9CF4-D8CEEDBA2F26}.Release|Any CPU.Build.0 = Release|Any CPU
	EndGlobalSection
	GlobalSection(SolutionProperties) = preSolution
		HideSolutionNode = FALSE
	EndGlobalSection
	GlobalSection(NestedProjects) = preSolution
		{AEFCFC44-3FC8-492D-8A92-7C993C476360} = {02EA681E-C7D8-13C7-8484-4AC65E1B71E8}
		{E1026E51-4F36-4FB4-90FC-8DBC2CD7C18F} = {02EA681E-C7D8-13C7-8484-4AC65E1B71E8}
		{21CA832D-08E9-4591-BDA2-219CE6EE5864} = {02EA681E-C7D8-13C7-8484-4AC65E1B71E8}
		{14F12323-295C-4E15-BA42-6FA31638096C} = {18191EA3-27C4-4377-A37A-9842BC066554}
		{AF1FC819-0B67-4800-B04A-4B6D2FCEEC1E} = {18191EA3-27C4-4377-A37A-9842BC066554}
		{661E2E41-8782-4879-A057-82F597757F32} = {18191EA3-27C4-4377-A37A-9842BC066554}
		{469DC220-AB03-49F2-90E4-634CAF9F3A6C} = {1F661D98-B4B3-496E-8989-06C1BB8E1829}
		{1C47F68A-BF27-46F4-A82F-CEDA64F407D1} = {1F661D98-B4B3-496E-8989-06C1BB8E1829}
		{22B4F74F-034D-4C76-A31B-C6048DAB1B32} = {1F661D98-B4B3-496E-8989-06C1BB8E1829}
		{F19E4C88-2110-4D4A-8AE3-E34D65E703B6} = {04296194-31A7-4775-B713-D44B90B908B7}
		{70B15DFA-3FE6-4771-87FB-97810AF36691} = {04296194-31A7-4775-B713-D44B90B908B7}
		{35830434-E693-4E72-A3FE-09B0464EB2BF} = {04296194-31A7-4775-B713-D44B90B908B7}
		{699A9B1C-772D-4058-86D9-D3E715867DEE} = {F825607D-2C63-4D25-85A1-5C431B285061}
		{728C9B48-D8DF-4C3D-9D63-CB473EBBB057} = {F825607D-2C63-4D25-85A1-5C431B285061}
		{513669E6-3A1B-4266-BBA0-09C2386103F5} = {F825607D-2C63-4D25-85A1-5C431B285061}
		{4980F27C-B5E6-418E-860E-110DC5F5D522} = {4311D0AA-2159-4355-9AE0-4D1DAD1426D8}
		{1196EC1F-64E5-4518-9D17-730AEDF1C287} = {4311D0AA-2159-4355-9AE0-4D1DAD1426D8}
		{24B9F55A-88D0-4A41-83DA-24D1DDA20106} = {4311D0AA-2159-4355-9AE0-4D1DAD1426D8}
		{B1650975-DCE7-42C9-A339-BA9EB94D9EC2} = {51DF0610-C392-4489-8073-0942C89E50D3}
		{778541D3-BA91-4F1F-8A47-195F5BDA697D} = {51DF0610-C392-4489-8073-0942C89E50D3}
		{29A320D4-2B1F-49BB-9CF4-D8CEEDBA2F26} = {51DF0610-C392-4489-8073-0942C89E50D3}
	EndGlobalSection
	GlobalSection(ExtensibilityGlobals) = postSolution
		SolutionGuid = {6961960B-982B-4383-B707-3869534CF81C}
	EndGlobalSection
EndGlobal
