
Microsoft Visual Studio Solution File, Format Version 12.00
# Visual Studio Version 17
VisualStudioVersion = 17.14.36429.23 d17.14
MinimumVisualStudioVersion = 10.0.40219.1
Project("{2150E333-8FDC-42A3-9474-1A3956D46DE8}") = "Task0", "Task0", "{02EA681E-C7D8-13C7-8484-4AC65E1B71E8}"
EndProject
Project("{FAE04EC0-301F-11D3-BF4B-00C04F79EFBC}") = "Tyuiu.SozonovaVA.Sprint1.Task0.V13", "Tyuiu.SozonovaVA.Sprint1.Task0.V13\Tyuiu.SozonovaVA.Sprint1.Task0.V13.csproj", "{AEFCFC44-3FC8-492D-8A92-7C993C476360}"
EndProject
Project("{FAE04EC0-301F-11D3-BF4B-00C04F79EFBC}") = "Tyuiu.SozonovaVA.Sprint1.Task0.V13.Lib", "Tyuiu.SozonovaVA.Sprint1.Task0.V13.Lib\Tyuiu.SozonovaVA.Sprint1.Task0.V13.Lib.csproj", "{6EE0E56E-B560-4282-BF4F-2A2EA1238D12}"
EndProject
Project("{FAE04EC0-301F-11D3-BF4B-00C04F79EFBC}") = "Tyuiu.SozonovaVA.Sprint1.Task0.V13.Test", "Tyuiu.SozonovaVA.Sprint1.Task0.V13.Test\Tyuiu.SozonovaVA.Sprint1.Task0.V13.Test.csproj", "{E1026E51-4F36-4FB4-90FC-8DBC2CD7C18F}"
EndProject
Global
	GlobalSection(SolutionConfigurationPlatforms) = preSolution
		Debug|Any CPU = Debug|Any CPU
		Release|Any CPU = Release|Any CPU
	EndGlobalSection
	GlobalSection(ProjectConfigurationPlatforms) = postSolution
		{AEFCFC44-3FC8-492D-8A92-7C993C476360}.Debug|Any CPU.ActiveCfg = Debug|Any CPU
		{AEFCFC44-3FC8-492D-8A92-7C993C476360}.Debug|Any CPU.Build.0 = Debug|Any CPU
		{AEFCFC44-3FC8-492D-8A92-7C993C476360}.Release|Any CPU.ActiveCfg = Release|Any CPU
		{AEFCFC44-3FC8-492D-8A92-7C993C476360}.Release|Any CPU.Build.0 = Release|Any CPU
		{6EE0E56E-B560-4282-BF4F-2A2EA1238D12}.Debug|Any CPU.ActiveCfg = Debug|Any CPU
		{6EE0E56E-B560-4282-BF4F-2A2EA1238D12}.Debug|Any CPU.Build.0 = Debug|Any CPU
		{6EE0E56E-B560-4282-BF4F-2A2EA1238D12}.Release|Any CPU.ActiveCfg = Release|Any CPU
		{6EE0E56E-B560-4282-BF4F-2A2EA1238D12}.Release|Any CPU.Build.0 = Release|Any CPU
		{E1026E51-4F36-4FB4-90FC-8DBC2CD7C18F}.Debug|Any CPU.ActiveCfg = Debug|Any CPU
		{E1026E51-4F36-4FB4-90FC-8DBC2CD7C18F}.Debug|Any CPU.Build.0 = Debug|Any CPU
		{E1026E51-4F36-4FB4-90FC-8DBC2CD7C18F}.Release|Any CPU.ActiveCfg = Release|Any CPU
		{E1026E51-4F36-4FB4-90FC-8DBC2CD7C18F}.Release|Any CPU.Build.0 = Release|Any CPU
	EndGlobalSection
	GlobalSection(SolutionProperties) = preSolution
		HideSolutionNode = FALSE
	EndGlobalSection
	GlobalSection(NestedProjects) = preSolution
		{AEFCFC44-3FC8-492D-8A92-7C993C476360} = {02EA681E-C7D8-13C7-8484-4AC65E1B71E8}
		{6EE0E56E-B560-4282-BF4F-2A2EA1238D12} = {02EA681E-C7D8-13C7-8484-4AC65E1B71E8}
		{E1026E51-4F36-4FB4-90FC-8DBC2CD7C18F} = {02EA681E-C7D8-13C7-8484-4AC65E1B71E8}
	EndGlobalSection
	GlobalSection(ExtensibilityGlobals) = postSolution
		SolutionGuid = {6961960B-982B-4383-B707-3869534CF81C}
	EndGlobalSection
EndGlobal
